PODS:
  - CocoaAsyncSocket (7.6.1)
  - DeviceConnectHostPlugin (2.1.0):
    - DeviceConnectSDK
  - DeviceConnectSDK (2.1.0)

DEPENDENCIES:
  - CocoaAsyncSocket
  - DeviceConnectHostPlugin
  - DeviceConnectSDK (= 2.1.0)

SPEC CHECKSUMS:
  CocoaAsyncSocket: 7eadd3f59e1a6c84e2aefc93e9ff7b55156fe174
  DeviceConnectHostPlugin: 97e868c617097bb1955b207d051de40964255e45
  DeviceConnectSDK: 19412c63bfdc284c1691a3ec359983af517e6831

PODFILE CHECKSUM: a683836da370d21b96ff264e4b171a857e915cb7

COCOAPODS: 1.3.1
